
Microsoft Visual Studio Solution File, Format Version 12.00
# Visual Studio 15
VisualStudioVersion = 15.0.27703.2026
MinimumVisualStudioVersion = 10.0.40219.1
Project("{9A19103F-16F7-4668-BE54-9A1E7A4F7556}") = "eXia_A4L_WS_SECUWCF_MIDDLEWARE", "eXia_A4L_WS_SECUWCF_MIDDLEWARE\eXia_A4L_WS_SECUWCF_MIDDLEWARE.csproj", "{660000F1-54C9-4D14-BDB8-681F0BD6CB53}"
EndProject
Project("{9A19103F-16F7-4668-BE54-9A1E7A4F7556}") = "eXia_A4L_WS_SECUWCF_WCFCONTRACT", "eXia_A4L_WS_SECUWCF_WCFCONTRACT\eXia_A4L_WS_SECUWCF_WCFCONTRACT.csproj", "{3CE8A2C9-76DD-428F-B58F-69FFFAD6A489}"
EndProject
Project("{FAE04EC0-301F-11D3-BF4B-00C04F79EFBC}") = "eXia_A4L_WS_SECUWCF_SERVER", "eXia_A4L_WS_SECUWCF_SERVER\eXia_A4L_WS_SECUWCF_SERVER.csproj", "{A3E8DB3E-CED0-4BD1-8F22-9012E1D680DE}"
EndProject
Project("{FAE04EC0-301F-11D3-BF4B-00C04F79EFBC}") = "Client", "Client\Client.csproj", "{92D20E96-8FFA-4EFB-91FF-B434708923C6}"
EndProject
Global
	GlobalSection(SolutionConfigurationPlatforms) = preSolution
		Debug|Any CPU = Debug|Any CPU
		Release|Any CPU = Release|Any CPU
	EndGlobalSection
	GlobalSection(ProjectConfigurationPlatforms) = postSolution
		{660000F1-54C9-4D14-BDB8-681F0BD6CB53}.Debug|Any CPU.ActiveCfg = Debug|Any CPU
		{660000F1-54C9-4D14-BDB8-681F0BD6CB53}.Debug|Any CPU.Build.0 = Debug|Any CPU
		{660000F1-54C9-4D14-BDB8-681F0BD6CB53}.Release|Any CPU.ActiveCfg = Release|Any CPU
		{660000F1-54C9-4D14-BDB8-681F0BD6CB53}.Release|Any CPU.Build.0 = Release|Any CPU
		{3CE8A2C9-76DD-428F-B58F-69FFFAD6A489}.Debug|Any CPU.ActiveCfg = Debug|Any CPU
		{3CE8A2C9-76DD-428F-B58F-69FFFAD6A489}.Debug|Any CPU.Build.0 = Debug|Any CPU
		{3CE8A2C9-76DD-428F-B58F-69FFFAD6A489}.Release|Any CPU.ActiveCfg = Release|Any CPU
		{3CE8A2C9-76DD-428F-B58F-69FFFAD6A489}.Release|Any CPU.Build.0 = Release|Any CPU
		{A3E8DB3E-CED0-4BD1-8F22-9012E1D680DE}.Debug|Any CPU.ActiveCfg = Debug|Any CPU
		{A3E8DB3E-CED0-4BD1-8F22-9012E1D680DE}.Debug|Any CPU.Build.0 = Debug|Any CPU
		{A3E8DB3E-CED0-4BD1-8F22-9012E1D680DE}.Release|Any CPU.ActiveCfg = Release|Any CPU
		{A3E8DB3E-CED0-4BD1-8F22-9012E1D680DE}.Release|Any CPU.Build.0 = Release|Any CPU
		{92D20E96-8FFA-4EFB-91FF-B434708923C6}.Debug|Any CPU.ActiveCfg = Debug|Any CPU
		{92D20E96-8FFA-4EFB-91FF-B434708923C6}.Debug|Any CPU.Build.0 = Debug|Any CPU
		{92D20E96-8FFA-4EFB-91FF-B434708923C6}.Release|Any CPU.ActiveCfg = Release|Any CPU
		{92D20E96-8FFA-4EFB-91FF-B434708923C6}.Release|Any CPU.Build.0 = Release|Any CPU
	EndGlobalSection
	GlobalSection(SolutionProperties) = preSolution
		HideSolutionNode = FALSE
	EndGlobalSection
	GlobalSection(ExtensibilityGlobals) = postSolution
		SolutionGuid = {8BEA9C8A-016F-4AF8-8C4E-82D534D8E185}
	EndGlobalSection
EndGlobal
